
Microsoft Visual Studio Solution File, Format Version 12.00
# Visual Studio Version 17
VisualStudioVersion = 17.14.36603.0 d17.14
MinimumVisualStudioVersion = 10.0.40219.1
Project("{8BC9CEB8-8B4A-11D0-8D11-00A0C91BC942}") = "ParkourGame", "ParkourGame.vcxproj", "{7AB30A75-B0D0-40B9-BCAC-D7599986A30D}"
EndProject
Global
	GlobalSection(SolutionConfigurationPlatforms) = preSolution
		Debug|x64 = Debug|x64
		Debug|x86 = Debug|x86
		Release|x64 = Release|x64
		Release|x86 = Release|x86
	EndGlobalSection
	GlobalSection(ProjectConfigurationPlatforms) = postSolution
		{7AB30A75-B0D0-40B9-BCAC-D7599986A30D}.Debug|x64.ActiveCfg = Debug|x64
		{7AB30A75-B0D0-40B9-BCAC-D7599986A30D}.Debug|x64.Build.0 = Debug|x64
		{7AB30A75-B0D0-40B9-BCAC-D7599986A30D}.Debug|x86.ActiveCfg = Debug|Win32
		{7AB30A75-B0D0-40B9-BCAC-D7599986A30D}.Debug|x86.Build.0 = Debug|Win32
		{7AB30A75-B0D0-40B9-BCAC-D7599986A30D}.Release|x64.ActiveCfg = Release|x64
		{7AB30A75-B0D0-40B9-BCAC-D7599986A30D}.Release|x64.Build.0 = Release|x64
		{7AB30A75-B0D0-40B9-BCAC-D7599986A30D}.Release|x86.ActiveCfg = Release|Win32
		{7AB30A75-B0D0-40B9-BCAC-D7599986A30D}.Release|x86.Build.0 = Release|Win32
	EndGlobalSection
	GlobalSection(SolutionProperties) = preSolution
		HideSolutionNode = FALSE
	EndGlobalSection
	GlobalSection(ExtensibilityGlobals) = postSolution
		SolutionGuid = {AB73D709-8383-48C1-9D84-911CB8B8B6A5}
	EndGlobalSection
EndGlobal
